
Microsoft Visual Studio Solution File, Format Version 12.00
# Visual Studio 15
VisualStudioVersion = 15.0.27130.2026
MinimumVisualStudioVersion = 10.0.40219.1
Project("{2150E333-8FDC-42A3-9474-1A3956D46DE8}") = "Solution Items", "Solution Items", "{5991C132-F30F-4207-99ED-3AA09BD6F358}"
	ProjectSection(SolutionItems) = preProject
		LocalTestRun.testrunconfig = LocalTestRun.testrunconfig
		user_awatt2.vsmdi = user_awatt2.vsmdi
		user_awatt4.vsmdi = user_awatt4.vsmdi
	EndProjectSection
EndProject
Project("{2150E333-8FDC-42A3-9474-1A3956D46DE8}") = "Tests", "Tests", "{5670EA59-759C-41DB-858E-4863EA635DC1}"
EndProject
Project("{2150E333-8FDC-42A3-9474-1A3956D46DE8}") = "Utilities", "Utilities", "{C9013A98-B98C-48F9-B393-450A4DFFBF26}"
EndProject
Project("{2150E333-8FDC-42A3-9474-1A3956D46DE8}") = "Services", "Services", "{0B7988AE-F444-4321-8C63-A6C326B34177}"
EndProject
Project("{2150E333-8FDC-42A3-9474-1A3956D46DE8}") = "Setup", "Setup", "{F45641DB-D916-4FDC-9ADA-F25F7E7FE443}"
EndProject
Project("{2150E333-8FDC-42A3-9474-1A3956D46DE8}") = "Servers", "Servers", "{B223EAEC-1C16-4D3B-B0DF-556595D22E48}"
EndProject
Project("{FAE04EC0-301F-11D3-BF4B-00C04F79EFBC}") = "Workflow", "..\..\Components\WorkflowFramework\Workflow.csproj", "{108628B0-D080-45AB-B019-E36B31E5B2CE}"
EndProject
Project("{FAE04EC0-301F-11D3-BF4B-00C04F79EFBC}") = "Orion.WindowsForms.ChartControl", "..\..\Utilities\WindowsForms.ChartControl\Orion.WindowsForms.ChartControl.csproj", "{862865A0-8730-4E2F-A4FE-2033D7C45081}"
EndProject
Project("{FAE04EC0-301F-11D3-BF4B-00C04F79EFBC}") = "Core.Backup", "..\..\Utilities\Core.Backup\Core.Backup.csproj", "{F3407CF9-61AA-4104-9B46-12004EA4ED68}"
EndProject
Project("{FAE04EC0-301F-11D3-BF4B-00C04F79EFBC}") = "WorkflowTests", "..\..\Tests\WorkflowTests\WorkflowTests.csproj", "{E9B7C66B-F009-4DCA-9C9F-46D739740120}"
EndProject
Project("{FAE04EC0-301F-11D3-BF4B-00C04F79EFBC}") = "Orion.Util", "..\..\Utilities\Util\Orion.Util.csproj", "{C094FB37-4C14-425E-8977-69079F4F7AA0}"
EndProject
Project("{FAE04EC0-301F-11D3-BF4B-00C04F79EFBC}") = "Util.Tests", "..\..\Utilities\Util.Tests\Util.Tests.csproj", "{5B1B52B3-7BE6-462A-BD0E-1E473D9EEC8E}"
EndProject
Project("{FAE04EC0-301F-11D3-BF4B-00C04F79EFBC}") = "Orion.Util.WinTools", "..\..\Utilities\Util.WinTools\Orion.Util.WinTools.csproj", "{66B724A3-0F72-4084-96BD-FEADC4BAD41B}"
EndProject
Project("{FAE04EC0-301F-11D3-BF4B-00C04F79EFBC}") = "Core.Common", "..\..\Utilities\Core.Common\Core.Common.csproj", "{D280D461-4FBE-4B9A-8012-9FE26CB2EF71}"
EndProject
Project("{FAE04EC0-301F-11D3-BF4B-00C04F79EFBC}") = "Core.V34", "..\..\Utilities\Core.V34\Core.V34.csproj", "{A96292E1-00DD-434D-A3F9-FC04CBFD75A7}"
EndProject
Project("{FAE04EC0-301F-11D3-BF4B-00C04F79EFBC}") = "Core.V34.Tests", "..\..\Utilities\Core.V34.Tests\Core.V34.Tests.csproj", "{46FB47C0-F79A-41AF-BAEF-86510B9C1F28}"
EndProject
Project("{FAE04EC0-301F-11D3-BF4B-00C04F79EFBC}") = "Core.Server", "..\..\Utilities\Core.Server\Core.Server.csproj", "{D54031AD-5D51-4204-9509-2381F462E2C1}"
EndProject
Project("{FAE04EC0-301F-11D3-BF4B-00C04F79EFBC}") = "Core.WebSvc.Server", "..\..\Utilities\Core.WebSvc.Server\Core.WebSvc.Server.csproj", "{6B64F406-C94D-49D2-AAC4-074CAFB6AF88}"
EndProject
Project("{FAE04EC0-301F-11D3-BF4B-00C04F79EFBC}") = "Core.Bridge", "..\..\Utilities\Core.Bridge\Core.Bridge.csproj", "{BDCCFB66-8A02-47AF-91D5-31BFED7E50DF}"
EndProject
Project("{FAE04EC0-301F-11D3-BF4B-00C04F79EFBC}") = "Orion.XmlViewer", "..\..\Utilities\XMLViewer\Orion.XmlViewer.csproj", "{06488467-42F4-4D3B-B35C-0C7EBE1FC947}"
EndProject
Project("{FAE04EC0-301F-11D3-BF4B-00C04F79EFBC}") = "Core.SvcGui", "..\..\Utilities\Core.SvcGui\Core.SvcGui.csproj", "{51FD756A-9C6F-4FEA-9FB4-C50C3CBF47AB}"
EndProject
Project("{FAE04EC0-301F-11D3-BF4B-00C04F79EFBC}") = "Core.NetMon", "..\..\Utilities\Core.NetMon\Core.NetMon.csproj", "{261528DA-6F05-4E7E-AE10-C91B2A0CAF99}"
EndProject
Project("{FAE04EC0-301F-11D3-BF4B-00C04F79EFBC}") = "Core.Alert.WinSvc", "..\..\Utilities\Core.Alert.WinSvc\Core.Alert.WinSvc.csproj", "{48FF9E70-FF85-4079-808F-04C4051D234D}"
EndProject
Project("{FAE04EC0-301F-11D3-BF4B-00C04F79EFBC}") = "Core.Bridge.SvcGui", "..\..\Utilities\Core.Bridge.SvcGui\Core.Bridge.SvcGui.csproj", "{864BF04C-047F-41E9-AD31-AE90272BA922}"
EndProject
Project("{FAE04EC0-301F-11D3-BF4B-00C04F79EFBC}") = "Core.WebSvc.WinSvc", "..\..\Utilities\Core.WebSvc.WinSvc\Core.WebSvc.WinSvc.csproj", "{1AE092A2-1E3D-4C3B-AB75-1126F12D2911}"
EndProject
Project("{FAE04EC0-301F-11D3-BF4B-00C04F79EFBC}") = "Core.WebSvc.TestClient", "..\..\Utilities\Core.WebSvc.TestClient\Core.WebSvc.TestClient.csproj", "{578A4C73-E4EF-45A4-B7D9-0E24047F56C1}"
EndProject
Project("{FAE04EC0-301F-11D3-BF4B-00C04F79EFBC}") = "Core.WebSvc.SvrCli", "..\..\Utilities\Core.WebSvc.TestServer\Core.WebSvc.SvrCli.csproj", "{94EEE69A-ED26-420E-B034-80007989DA85}"
EndProject
Project("{2150E333-8FDC-42A3-9474-1A3956D46DE8}") = "Generic Components", "Generic Components", "{597E0F0D-E450-48EB-8D70-B7D2492ABEFF}"
EndProject
Project("{FAE04EC0-301F-11D3-BF4B-00C04F79EFBC}") = "Core.Alert.Server", "..\..\Utilities\Core.Alert.Server\Core.Alert.Server.csproj", "{7F997959-0BFC-48BC-8451-4038A60C2451}"
EndProject
Project("{FAE04EC0-301F-11D3-BF4B-00C04F79EFBC}") = "Core.WinSvc", "..\..\Utilities\Core.WinSvc\Core.WinSvc.csproj", "{C17C5B35-7656-4E8F-A622-6B80A04A8D9E}"
EndProject
Project("{54435603-DBB4-11D2-8724-00A0C9A8B90C}") = "Core.WinSvc.Installer", "..\..\Utilities\Core.WinSvc.Installer\Core.WinSvc.Installer.vdproj", "{258828B0-B621-4462-8CBC-04349BFDAACC}"
EndProject
Project("{FAE04EC0-301F-11D3-BF4B-00C04F79EFBC}") = "Metadata.Common", "..\..\Metadata\Common\Metadata.Common.csproj", "{727DF453-56C3-4D34-9424-5993AAE4B9E1}"
EndProject
Project("{FAE04EC0-301F-11D3-BF4B-00C04F79EFBC}") = "Constants", "..\..\Metadata\Constants\Constants.csproj", "{2AC94E22-B441-4198-8162-BF1552E67D33}"
EndProject
Project("{FAE04EC0-301F-11D3-BF4B-00C04F79EFBC}") = "Core.SetAppCfg", "..\..\Utilities\SetAppCfg\Core.SetAppCfg.csproj", "{9B5FF643-9F8E-4143-8687-8837A2F02626}"
EndProject
Project("{2150E333-8FDC-42A3-9474-1A3956D46DE8}") = "Schema Components", "Schema Components", "{A42736DB-A7DF-467D-B66A-368A40594116}"
EndProject
Project("{FAE04EC0-301F-11D3-BF4B-00C04F79EFBC}") = "FpML.V5r3.Reporting", "..\..\Metadata\FpML.V5r3\FpML.V5r3.Reporting\FpML.V5r3.Reporting.csproj", "{60A9D3B8-34A8-4779-817F-9D87CBBCBFC1}"
EndProject
Project("{FAE04EC0-301F-11D3-BF4B-00C04F79EFBC}") = "FpML.V5r3.Codes", "..\..\Metadata\FpML.V5r3\FpML.V5r3.Codes\FpML.V5r3.Codes.csproj", "{3966B7D1-6968-4022-8C6F-A1E28580EFDE}"
EndProject
Project("{2150E333-8FDC-42A3-9474-1A3956D46DE8}") = "Applications", "Applications", "{06FC165B-8629-4143-93FE-C749F10897B5}"
EndProject
Global
	GlobalSection(SolutionConfigurationPlatforms) = preSolution
		Debug|Any CPU = Debug|Any CPU
		Debug|Mixed Platforms = Debug|Mixed Platforms
		Debug|Win32 = Debug|Win32
		Debug|x86 = Debug|x86
		Release|Any CPU = Release|Any CPU
		Release|Mixed Platforms = Release|Mixed Platforms
		Release|Win32 = Release|Win32
		Release|x86 = Release|x86
		UnitTest|Any CPU = UnitTest|Any CPU
		UnitTest|Mixed Platforms = UnitTest|Mixed Platforms
		UnitTest|Win32 = UnitTest|Win32
		UnitTest|x86 = UnitTest|x86
	EndGlobalSection
	GlobalSection(ProjectConfigurationPlatforms) = postSolution
		{108628B0-D080-45AB-B019-E36B31E5B2CE}.Debug|Any CPU.ActiveCfg = Debug|Any CPU
		{108628B0-D080-45AB-B019-E36B31E5B2CE}.Debug|Any CPU.Build.0 = Debug|Any CPU
		{108628B0-D080-45AB-B019-E36B31E5B2CE}.Debug|Mixed Platforms.ActiveCfg = Debug|Any CPU
		{108628B0-D080-45AB-B019-E36B31E5B2CE}.Debug|Mixed Platforms.Build.0 = Debug|Any CPU
		{108628B0-D080-45AB-B019-E36B31E5B2CE}.Debug|Win32.ActiveCfg = Debug|Any CPU
		{108628B0-D080-45AB-B019-E36B31E5B2CE}.Debug|x86.ActiveCfg = Debug|Any CPU
		{108628B0-D080-45AB-B019-E36B31E5B2CE}.Release|Any CPU.ActiveCfg = Release|Any CPU
		{108628B0-D080-45AB-B019-E36B31E5B2CE}.Release|Any CPU.Build.0 = Release|Any CPU
		{108628B0-D080-45AB-B019-E36B31E5B2CE}.Release|Mixed Platforms.ActiveCfg = Release|Any CPU
		{108628B0-D080-45AB-B019-E36B31E5B2CE}.Release|Mixed Platforms.Build.0 = Release|Any CPU
		{108628B0-D080-45AB-B019-E36B31E5B2CE}.Release|Win32.ActiveCfg = Release|Any CPU
		{108628B0-D080-45AB-B019-E36B31E5B2CE}.Release|x86.ActiveCfg = Release|Any CPU
		{108628B0-D080-45AB-B019-E36B31E5B2CE}.UnitTest|Any CPU.ActiveCfg = Release|Any CPU
		{108628B0-D080-45AB-B019-E36B31E5B2CE}.UnitTest|Any CPU.Build.0 = Release|Any CPU
		{108628B0-D080-45AB-B019-E36B31E5B2CE}.UnitTest|Mixed Platforms.ActiveCfg = Release|Any CPU
		{108628B0-D080-45AB-B019-E36B31E5B2CE}.UnitTest|Mixed Platforms.Build.0 = Release|Any CPU
		{108628B0-D080-45AB-B019-E36B31E5B2CE}.UnitTest|Win32.ActiveCfg = Release|Any CPU
		{108628B0-D080-45AB-B019-E36B31E5B2CE}.UnitTest|x86.ActiveCfg = Release|Any CPU
		{862865A0-8730-4E2F-A4FE-2033D7C45081}.Debug|Any CPU.ActiveCfg = Debug|Any CPU
		{862865A0-8730-4E2F-A4FE-2033D7C45081}.Debug|Any CPU.Build.0 = Debug|Any CPU
		{862865A0-8730-4E2F-A4FE-2033D7C45081}.Debug|Mixed Platforms.ActiveCfg = Debug|Any CPU
		{862865A0-8730-4E2F-A4FE-2033D7C45081}.Debug|Mixed Platforms.Build.0 = Debug|Any CPU
		{862865A0-8730-4E2F-A4FE-2033D7C45081}.Debug|Win32.ActiveCfg = Debug|Any CPU
		{862865A0-8730-4E2F-A4FE-2033D7C45081}.Debug|x86.ActiveCfg = Debug|Any CPU
		{862865A0-8730-4E2F-A4FE-2033D7C45081}.Release|Any CPU.ActiveCfg = Release|Any CPU
		{862865A0-8730-4E2F-A4FE-2033D7C45081}.Release|Any CPU.Build.0 = Release|Any CPU
		{862865A0-8730-4E2F-A4FE-2033D7C45081}.Release|Mixed Platforms.ActiveCfg = Release|Any CPU
		{862865A0-8730-4E2F-A4FE-2033D7C45081}.Release|Mixed Platforms.Build.0 = Release|Any CPU
		{862865A0-8730-4E2F-A4FE-2033D7C45081}.Release|Win32.ActiveCfg = Release|Any CPU
		{862865A0-8730-4E2F-A4FE-2033D7C45081}.Release|x86.ActiveCfg = Release|Any CPU
		{862865A0-8730-4E2F-A4FE-2033D7C45081}.UnitTest|Any CPU.ActiveCfg = Release|Any CPU
		{862865A0-8730-4E2F-A4FE-2033D7C45081}.UnitTest|Any CPU.Build.0 = Release|Any CPU
		{862865A0-8730-4E2F-A4FE-2033D7C45081}.UnitTest|Mixed Platforms.ActiveCfg = Release|Any CPU
		{862865A0-8730-4E2F-A4FE-2033D7C45081}.UnitTest|Mixed Platforms.Build.0 = Release|Any CPU
		{862865A0-8730-4E2F-A4FE-2033D7C45081}.UnitTest|Win32.ActiveCfg = Release|Any CPU
		{862865A0-8730-4E2F-A4FE-2033D7C45081}.UnitTest|x86.ActiveCfg = Release|Any CPU
		{F3407CF9-61AA-4104-9B46-12004EA4ED68}.Debug|Any CPU.ActiveCfg = Debug|Any CPU
		{F3407CF9-61AA-4104-9B46-12004EA4ED68}.Debug|Any CPU.Build.0 = Debug|Any CPU
		{F3407CF9-61AA-4104-9B46-12004EA4ED68}.Debug|Mixed Platforms.ActiveCfg = Debug|Any CPU
		{F3407CF9-61AA-4104-9B46-12004EA4ED68}.Debug|Mixed Platforms.Build.0 = Debug|Any CPU
		{F3407CF9-61AA-4104-9B46-12004EA4ED68}.Debug|Win32.ActiveCfg = Debug|Any CPU
		{F3407CF9-61AA-4104-9B46-12004EA4ED68}.Debug|x86.ActiveCfg = Debug|Any CPU
		{F3407CF9-61AA-4104-9B46-12004EA4ED68}.Release|Any CPU.ActiveCfg = Release|Any CPU
		{F3407CF9-61AA-4104-9B46-12004EA4ED68}.Release|Any CPU.Build.0 = Release|Any CPU
		{F3407CF9-61AA-4104-9B46-12004EA4ED68}.Release|Mixed Platforms.ActiveCfg = Release|Any CPU
		{F3407CF9-61AA-4104-9B46-12004EA4ED68}.Release|Mixed Platforms.Build.0 = Release|Any CPU
		{F3407CF9-61AA-4104-9B46-12004EA4ED68}.Release|Win32.ActiveCfg = Release|Any CPU
		{F3407CF9-61AA-4104-9B46-12004EA4ED68}.Release|x86.ActiveCfg = Release|Any CPU
		{F3407CF9-61AA-4104-9B46-12004EA4ED68}.UnitTest|Any CPU.ActiveCfg = Release|Any CPU
		{F3407CF9-61AA-4104-9B46-12004EA4ED68}.UnitTest|Any CPU.Build.0 = Release|Any CPU
		{F3407CF9-61AA-4104-9B46-12004EA4ED68}.UnitTest|Mixed Platforms.ActiveCfg = Release|Any CPU
		{F3407CF9-61AA-4104-9B46-12004EA4ED68}.UnitTest|Mixed Platforms.Build.0 = Release|Any CPU
		{F3407CF9-61AA-4104-9B46-12004EA4ED68}.UnitTest|Win32.ActiveCfg = Release|Any CPU
		{F3407CF9-61AA-4104-9B46-12004EA4ED68}.UnitTest|x86.ActiveCfg = Release|Any CPU
		{E9B7C66B-F009-4DCA-9C9F-46D739740120}.Debug|Any CPU.ActiveCfg = Debug|Any CPU
		{E9B7C66B-F009-4DCA-9C9F-46D739740120}.Debug|Any CPU.Build.0 = Debug|Any CPU
		{E9B7C66B-F009-4DCA-9C9F-46D739740120}.Debug|Mixed Platforms.ActiveCfg = Debug|Any CPU
		{E9B7C66B-F009-4DCA-9C9F-46D739740120}.Debug|Mixed Platforms.Build.0 = Debug|Any CPU
		{E9B7C66B-F009-4DCA-9C9F-46D739740120}.Debug|Win32.ActiveCfg = Debug|Any CPU
		{E9B7C66B-F009-4DCA-9C9F-46D739740120}.Debug|x86.ActiveCfg = Debug|Any CPU
		{E9B7C66B-F009-4DCA-9C9F-46D739740120}.Release|Any CPU.ActiveCfg = Release|Any CPU
		{E9B7C66B-F009-4DCA-9C9F-46D739740120}.Release|Any CPU.Build.0 = Release|Any CPU
		{E9B7C66B-F009-4DCA-9C9F-46D739740120}.Release|Mixed Platforms.ActiveCfg = Release|Any CPU
		{E9B7C66B-F009-4DCA-9C9F-46D739740120}.Release|Mixed Platforms.Build.0 = Release|Any CPU
		{E9B7C66B-F009-4DCA-9C9F-46D739740120}.Release|Win32.ActiveCfg = Release|Any CPU
		{E9B7C66B-F009-4DCA-9C9F-46D739740120}.Release|x86.ActiveCfg = Release|Any CPU
		{E9B7C66B-F009-4DCA-9C9F-46D739740120}.UnitTest|Any CPU.ActiveCfg = Release|Any CPU
		{E9B7C66B-F009-4DCA-9C9F-46D739740120}.UnitTest|Any CPU.Build.0 = Release|Any CPU
		{E9B7C66B-F009-4DCA-9C9F-46D739740120}.UnitTest|Mixed Platforms.ActiveCfg = Release|Any CPU
		{E9B7C66B-F009-4DCA-9C9F-46D739740120}.UnitTest|Mixed Platforms.Build.0 = Release|Any CPU
		{E9B7C66B-F009-4DCA-9C9F-46D739740120}.UnitTest|Win32.ActiveCfg = Release|Any CPU
		{E9B7C66B-F009-4DCA-9C9F-46D739740120}.UnitTest|x86.ActiveCfg = Release|Any CPU
		{C094FB37-4C14-425E-8977-69079F4F7AA0}.Debug|Any CPU.ActiveCfg = Debug|Any CPU
		{C094FB37-4C14-425E-8977-69079F4F7AA0}.Debug|Any CPU.Build.0 = Debug|Any CPU
		{C094FB37-4C14-425E-8977-69079F4F7AA0}.Debug|Mixed Platforms.ActiveCfg = Debug|Any CPU
		{C094FB37-4C14-425E-8977-69079F4F7AA0}.Debug|Mixed Platforms.Build.0 = Debug|Any CPU
		{C094FB37-4C14-425E-8977-69079F4F7AA0}.Debug|Win32.ActiveCfg = Debug|Any CPU
		{C094FB37-4C14-425E-8977-69079F4F7AA0}.Debug|x86.ActiveCfg = Debug|Any CPU
		{C094FB37-4C14-425E-8977-69079F4F7AA0}.Release|Any CPU.ActiveCfg = Release|Any CPU
		{C094FB37-4C14-425E-8977-69079F4F7AA0}.Release|Any CPU.Build.0 = Release|Any CPU
		{C094FB37-4C14-425E-8977-69079F4F7AA0}.Release|Mixed Platforms.ActiveCfg = Release|Any CPU
		{C094FB37-4C14-425E-8977-69079F4F7AA0}.Release|Mixed Platforms.Build.0 = Release|Any CPU
		{C094FB37-4C14-425E-8977-69079F4F7AA0}.Release|Win32.ActiveCfg = Release|Any CPU
		{C094FB37-4C14-425E-8977-69079F4F7AA0}.Release|x86.ActiveCfg = Release|Any CPU
		{C094FB37-4C14-425E-8977-69079F4F7AA0}.UnitTest|Any CPU.ActiveCfg = Release|Any CPU
		{C094FB37-4C14-425E-8977-69079F4F7AA0}.UnitTest|Any CPU.Build.0 = Release|Any CPU
		{C094FB37-4C14-425E-8977-69079F4F7AA0}.UnitTest|Mixed Platforms.ActiveCfg = Release|Any CPU
		{C094FB37-4C14-425E-8977-69079F4F7AA0}.UnitTest|Mixed Platforms.Build.0 = Release|Any CPU
		{C094FB37-4C14-425E-8977-69079F4F7AA0}.UnitTest|Win32.ActiveCfg = Release|Any CPU
		{C094FB37-4C14-425E-8977-69079F4F7AA0}.UnitTest|x86.ActiveCfg = Release|Any CPU
		{5B1B52B3-7BE6-462A-BD0E-1E473D9EEC8E}.Debug|Any CPU.ActiveCfg = Debug|Any CPU
		{5B1B52B3-7BE6-462A-BD0E-1E473D9EEC8E}.Debug|Any CPU.Build.0 = Debug|Any CPU
		{5B1B52B3-7BE6-462A-BD0E-1E473D9EEC8E}.Debug|Mixed Platforms.ActiveCfg = Debug|Any CPU
		{5B1B52B3-7BE6-462A-BD0E-1E473D9EEC8E}.Debug|Mixed Platforms.Build.0 = Debug|Any CPU
		{5B1B52B3-7BE6-462A-BD0E-1E473D9EEC8E}.Debug|Win32.ActiveCfg = Debug|Any CPU
		{5B1B52B3-7BE6-462A-BD0E-1E473D9EEC8E}.Debug|x86.ActiveCfg = Debug|Any CPU
		{5B1B52B3-7BE6-462A-BD0E-1E473D9EEC8E}.Release|Any CPU.ActiveCfg = Release|Any CPU
		{5B1B52B3-7BE6-462A-BD0E-1E473D9EEC8E}.Release|Any CPU.Build.0 = Release|Any CPU
		{5B1B52B3-7BE6-462A-BD0E-1E473D9EEC8E}.Release|Mixed Platforms.ActiveCfg = Release|Any CPU
		{5B1B52B3-7BE6-462A-BD0E-1E473D9EEC8E}.Release|Mixed Platforms.Build.0 = Release|Any CPU
		{5B1B52B3-7BE6-462A-BD0E-1E473D9EEC8E}.Release|Win32.ActiveCfg = Release|Any CPU
		{5B1B52B3-7BE6-462A-BD0E-1E473D9EEC8E}.Release|x86.ActiveCfg = Release|Any CPU
		{5B1B52B3-7BE6-462A-BD0E-1E473D9EEC8E}.UnitTest|Any CPU.ActiveCfg = Release|Any CPU
		{5B1B52B3-7BE6-462A-BD0E-1E473D9EEC8E}.UnitTest|Any CPU.Build.0 = Release|Any CPU
		{5B1B52B3-7BE6-462A-BD0E-1E473D9EEC8E}.UnitTest|Mixed Platforms.ActiveCfg = Release|Any CPU
		{5B1B52B3-7BE6-462A-BD0E-1E473D9EEC8E}.UnitTest|Mixed Platforms.Build.0 = Release|Any CPU
		{5B1B52B3-7BE6-462A-BD0E-1E473D9EEC8E}.UnitTest|Win32.ActiveCfg = Release|Any CPU
		{5B1B52B3-7BE6-462A-BD0E-1E473D9EEC8E}.UnitTest|x86.ActiveCfg = Release|Any CPU
		{66B724A3-0F72-4084-96BD-FEADC4BAD41B}.Debug|Any CPU.ActiveCfg = Debug|Any CPU
		{66B724A3-0F72-4084-96BD-FEADC4BAD41B}.Debug|Any CPU.Build.0 = Debug|Any CPU
		{66B724A3-0F72-4084-96BD-FEADC4BAD41B}.Debug|Mixed Platforms.ActiveCfg = Debug|Any CPU
		{66B724A3-0F72-4084-96BD-FEADC4BAD41B}.Debug|Mixed Platforms.Build.0 = Debug|Any CPU
		{66B724A3-0F72-4084-96BD-FEADC4BAD41B}.Debug|Win32.ActiveCfg = Debug|Any CPU
		{66B724A3-0F72-4084-96BD-FEADC4BAD41B}.Debug|x86.ActiveCfg = Debug|Any CPU
		{66B724A3-0F72-4084-96BD-FEADC4BAD41B}.Release|Any CPU.ActiveCfg = Release|Any CPU
		{66B724A3-0F72-4084-96BD-FEADC4BAD41B}.Release|Any CPU.Build.0 = Release|Any CPU
		{66B724A3-0F72-4084-96BD-FEADC4BAD41B}.Release|Mixed Platforms.ActiveCfg = Release|Any CPU
		{66B724A3-0F72-4084-96BD-FEADC4BAD41B}.Release|Mixed Platforms.Build.0 = Release|Any CPU
		{66B724A3-0F72-4084-96BD-FEADC4BAD41B}.Release|Win32.ActiveCfg = Release|Any CPU
		{66B724A3-0F72-4084-96BD-FEADC4BAD41B}.Release|x86.ActiveCfg = Release|Any CPU
		{66B724A3-0F72-4084-96BD-FEADC4BAD41B}.UnitTest|Any CPU.ActiveCfg = Release|Any CPU
		{66B724A3-0F72-4084-96BD-FEADC4BAD41B}.UnitTest|Any CPU.Build.0 = Release|Any CPU
		{66B724A3-0F72-4084-96BD-FEADC4BAD41B}.UnitTest|Mixed Platforms.ActiveCfg = Release|Any CPU
		{66B724A3-0F72-4084-96BD-FEADC4BAD41B}.UnitTest|Mixed Platforms.Build.0 = Release|Any CPU
		{66B724A3-0F72-4084-96BD-FEADC4BAD41B}.UnitTest|Win32.ActiveCfg = Release|Any CPU
		{66B724A3-0F72-4084-96BD-FEADC4BAD41B}.UnitTest|x86.ActiveCfg = Release|Any CPU
		{D280D461-4FBE-4B9A-8012-9FE26CB2EF71}.Debug|Any CPU.ActiveCfg = Debug|Any CPU
		{D280D461-4FBE-4B9A-8012-9FE26CB2EF71}.Debug|Any CPU.Build.0 = Debug|Any CPU
		{D280D461-4FBE-4B9A-8012-9FE26CB2EF71}.Debug|Mixed Platforms.ActiveCfg = Debug|Any CPU
		{D280D461-4FBE-4B9A-8012-9FE26CB2EF71}.Debug|Mixed Platforms.Build.0 = Debug|Any CPU
		{D280D461-4FBE-4B9A-8012-9FE26CB2EF71}.Debug|Win32.ActiveCfg = Debug|Any CPU
		{D280D461-4FBE-4B9A-8012-9FE26CB2EF71}.Debug|x86.ActiveCfg = Debug|Any CPU
		{D280D461-4FBE-4B9A-8012-9FE26CB2EF71}.Release|Any CPU.ActiveCfg = Release|Any CPU
		{D280D461-4FBE-4B9A-8012-9FE26CB2EF71}.Release|Any CPU.Build.0 = Release|Any CPU
		{D280D461-4FBE-4B9A-8012-9FE26CB2EF71}.Release|Mixed Platforms.ActiveCfg = Release|Any CPU
		{D280D461-4FBE-4B9A-8012-9FE26CB2EF71}.Release|Mixed Platforms.Build.0 = Release|Any CPU
		{D280D461-4FBE-4B9A-8012-9FE26CB2EF71}.Release|Win32.ActiveCfg = Release|Any CPU
		{D280D461-4FBE-4B9A-8012-9FE26CB2EF71}.Release|x86.ActiveCfg = Release|Any CPU
		{D280D461-4FBE-4B9A-8012-9FE26CB2EF71}.UnitTest|Any CPU.ActiveCfg = Release|Any CPU
		{D280D461-4FBE-4B9A-8012-9FE26CB2EF71}.UnitTest|Any CPU.Build.0 = Release|Any CPU
		{D280D461-4FBE-4B9A-8012-9FE26CB2EF71}.UnitTest|Mixed Platforms.ActiveCfg = Release|Any CPU
		{D280D461-4FBE-4B9A-8012-9FE26CB2EF71}.UnitTest|Mixed Platforms.Build.0 = Release|Any CPU
		{D280D461-4FBE-4B9A-8012-9FE26CB2EF71}.UnitTest|Win32.ActiveCfg = Release|Any CPU
		{D280D461-4FBE-4B9A-8012-9FE26CB2EF71}.UnitTest|x86.ActiveCfg = Release|Any CPU
		{A96292E1-00DD-434D-A3F9-FC04CBFD75A7}.Debug|Any CPU.ActiveCfg = Debug|Any CPU
		{A96292E1-00DD-434D-A3F9-FC04CBFD75A7}.Debug|Any CPU.Build.0 = Debug|Any CPU
		{A96292E1-00DD-434D-A3F9-FC04CBFD75A7}.Debug|Mixed Platforms.ActiveCfg = Debug|Any CPU
		{A96292E1-00DD-434D-A3F9-FC04CBFD75A7}.Debug|Mixed Platforms.Build.0 = Debug|Any CPU
		{A96292E1-00DD-434D-A3F9-FC04CBFD75A7}.Debug|Win32.ActiveCfg = Debug|Any CPU
		{A96292E1-00DD-434D-A3F9-FC04CBFD75A7}.Debug|x86.ActiveCfg = Debug|Any CPU
		{A96292E1-00DD-434D-A3F9-FC04CBFD75A7}.Release|Any CPU.ActiveCfg = Release|Any CPU
		{A96292E1-00DD-434D-A3F9-FC04CBFD75A7}.Release|Any CPU.Build.0 = Release|Any CPU
		{A96292E1-00DD-434D-A3F9-FC04CBFD75A7}.Release|Mixed Platforms.ActiveCfg = Release|Any CPU
		{A96292E1-00DD-434D-A3F9-FC04CBFD75A7}.Release|Mixed Platforms.Build.0 = Release|Any CPU
		{A96292E1-00DD-434D-A3F9-FC04CBFD75A7}.Release|Win32.ActiveCfg = Release|Any CPU
		{A96292E1-00DD-434D-A3F9-FC04CBFD75A7}.Release|x86.ActiveCfg = Release|Any CPU
		{A96292E1-00DD-434D-A3F9-FC04CBFD75A7}.UnitTest|Any CPU.ActiveCfg = Release|Any CPU
		{A96292E1-00DD-434D-A3F9-FC04CBFD75A7}.UnitTest|Any CPU.Build.0 = Release|Any CPU
		{A96292E1-00DD-434D-A3F9-FC04CBFD75A7}.UnitTest|Mixed Platforms.ActiveCfg = Release|Any CPU
		{A96292E1-00DD-434D-A3F9-FC04CBFD75A7}.UnitTest|Mixed Platforms.Build.0 = Release|Any CPU
		{A96292E1-00DD-434D-A3F9-FC04CBFD75A7}.UnitTest|Win32.ActiveCfg = Release|Any CPU
		{A96292E1-00DD-434D-A3F9-FC04CBFD75A7}.UnitTest|x86.ActiveCfg = Release|Any CPU
		{46FB47C0-F79A-41AF-BAEF-86510B9C1F28}.Debug|Any CPU.ActiveCfg = Debug|Any CPU
		{46FB47C0-F79A-41AF-BAEF-86510B9C1F28}.Debug|Any CPU.Build.0 = Debug|Any CPU
		{46FB47C0-F79A-41AF-BAEF-86510B9C1F28}.Debug|Mixed Platforms.ActiveCfg = Debug|Any CPU
		{46FB47C0-F79A-41AF-BAEF-86510B9C1F28}.Debug|Mixed Platforms.Build.0 = Debug|Any CPU
		{46FB47C0-F79A-41AF-BAEF-86510B9C1F28}.Debug|Win32.ActiveCfg = Debug|Any CPU
		{46FB47C0-F79A-41AF-BAEF-86510B9C1F28}.Debug|x86.ActiveCfg = Debug|Any CPU
		{46FB47C0-F79A-41AF-BAEF-86510B9C1F28}.Release|Any CPU.ActiveCfg = Release|Any CPU
		{46FB47C0-F79A-41AF-BAEF-86510B9C1F28}.Release|Any CPU.Build.0 = Release|Any CPU
		{46FB47C0-F79A-41AF-BAEF-86510B9C1F28}.Release|Mixed Platforms.ActiveCfg = Release|Any CPU
		{46FB47C0-F79A-41AF-BAEF-86510B9C1F28}.Release|Mixed Platforms.Build.0 = Release|Any CPU
		{46FB47C0-F79A-41AF-BAEF-86510B9C1F28}.Release|Win32.ActiveCfg = Release|Any CPU
		{46FB47C0-F79A-41AF-BAEF-86510B9C1F28}.Release|x86.ActiveCfg = Release|Any CPU
		{46FB47C0-F79A-41AF-BAEF-86510B9C1F28}.UnitTest|Any CPU.ActiveCfg = Release|Any CPU
		{46FB47C0-F79A-41AF-BAEF-86510B9C1F28}.UnitTest|Any CPU.Build.0 = Release|Any CPU
		{46FB47C0-F79A-41AF-BAEF-86510B9C1F28}.UnitTest|Mixed Platforms.ActiveCfg = Release|Any CPU
		{46FB47C0-F79A-41AF-BAEF-86510B9C1F28}.UnitTest|Mixed Platforms.Build.0 = Release|Any CPU
		{46FB47C0-F79A-41AF-BAEF-86510B9C1F28}.UnitTest|Win32.ActiveCfg = Release|Any CPU
		{46FB47C0-F79A-41AF-BAEF-86510B9C1F28}.UnitTest|x86.ActiveCfg = Release|Any CPU
		{D54031AD-5D51-4204-9509-2381F462E2C1}.Debug|Any CPU.ActiveCfg = Debug|Any CPU
		{D54031AD-5D51-4204-9509-2381F462E2C1}.Debug|Any CPU.Build.0 = Debug|Any CPU
		{D54031AD-5D51-4204-9509-2381F462E2C1}.Debug|Mixed Platforms.ActiveCfg = Debug|Any CPU
		{D54031AD-5D51-4204-9509-2381F462E2C1}.Debug|Mixed Platforms.Build.0 = Debug|Any CPU
		{D54031AD-5D51-4204-9509-2381F462E2C1}.Debug|Win32.ActiveCfg = Debug|Any CPU
		{D54031AD-5D51-4204-9509-2381F462E2C1}.Debug|x86.ActiveCfg = Debug|Any CPU
		{D54031AD-5D51-4204-9509-2381F462E2C1}.Release|Any CPU.ActiveCfg = Release|Any CPU
		{D54031AD-5D51-4204-9509-2381F462E2C1}.Release|Any CPU.Build.0 = Release|Any CPU
		{D54031AD-5D51-4204-9509-2381F462E2C1}.Release|Mixed Platforms.ActiveCfg = Release|Any CPU
		{D54031AD-5D51-4204-9509-2381F462E2C1}.Release|Mixed Platforms.Build.0 = Release|Any CPU
		{D54031AD-5D51-4204-9509-2381F462E2C1}.Release|Win32.ActiveCfg = Release|Any CPU
		{D54031AD-5D51-4204-9509-2381F462E2C1}.Release|x86.ActiveCfg = Release|Any CPU
		{D54031AD-5D51-4204-9509-2381F462E2C1}.UnitTest|Any CPU.ActiveCfg = Release|Any CPU
		{D54031AD-5D51-4204-9509-2381F462E2C1}.UnitTest|Any CPU.Build.0 = Release|Any CPU
		{D54031AD-5D51-4204-9509-2381F462E2C1}.UnitTest|Mixed Platforms.ActiveCfg = Release|Any CPU
		{D54031AD-5D51-4204-9509-2381F462E2C1}.UnitTest|Mixed Platforms.Build.0 = Release|Any CPU
		{D54031AD-5D51-4204-9509-2381F462E2C1}.UnitTest|Win32.ActiveCfg = Release|Any CPU
		{D54031AD-5D51-4204-9509-2381F462E2C1}.UnitTest|x86.ActiveCfg = Release|Any CPU
		{6B64F406-C94D-49D2-AAC4-074CAFB6AF88}.Debug|Any CPU.ActiveCfg = Debug|Any CPU
		{6B64F406-C94D-49D2-AAC4-074CAFB6AF88}.Debug|Any CPU.Build.0 = Debug|Any CPU
		{6B64F406-C94D-49D2-AAC4-074CAFB6AF88}.Debug|Mixed Platforms.ActiveCfg = Debug|Any CPU
		{6B64F406-C94D-49D2-AAC4-074CAFB6AF88}.Debug|Mixed Platforms.Build.0 = Debug|Any CPU
		{6B64F406-C94D-49D2-AAC4-074CAFB6AF88}.Debug|Win32.ActiveCfg = Debug|Any CPU
		{6B64F406-C94D-49D2-AAC4-074CAFB6AF88}.Debug|x86.ActiveCfg = Debug|Any CPU
		{6B64F406-C94D-49D2-AAC4-074CAFB6AF88}.Release|Any CPU.ActiveCfg = Release|Any CPU
		{6B64F406-C94D-49D2-AAC4-074CAFB6AF88}.Release|Any CPU.Build.0 = Release|Any CPU
		{6B64F406-C94D-49D2-AAC4-074CAFB6AF88}.Release|Mixed Platforms.ActiveCfg = Release|Any CPU
		{6B64F406-C94D-49D2-AAC4-074CAFB6AF88}.Release|Mixed Platforms.Build.0 = Release|Any CPU
		{6B64F406-C94D-49D2-AAC4-074CAFB6AF88}.Release|Win32.ActiveCfg = Release|Any CPU
		{6B64F406-C94D-49D2-AAC4-074CAFB6AF88}.Release|x86.ActiveCfg = Release|Any CPU
		{6B64F406-C94D-49D2-AAC4-074CAFB6AF88}.UnitTest|Any CPU.ActiveCfg = Release|Any CPU
		{6B64F406-C94D-49D2-AAC4-074CAFB6AF88}.UnitTest|Any CPU.Build.0 = Release|Any CPU
		{6B64F406-C94D-49D2-AAC4-074CAFB6AF88}.UnitTest|Mixed Platforms.ActiveCfg = Release|Any CPU
		{6B64F406-C94D-49D2-AAC4-074CAFB6AF88}.UnitTest|Mixed Platforms.Build.0 = Release|Any CPU
		{6B64F406-C94D-49D2-AAC4-074CAFB6AF88}.UnitTest|Win32.ActiveCfg = Release|Any CPU
		{6B64F406-C94D-49D2-AAC4-074CAFB6AF88}.UnitTest|x86.ActiveCfg = Release|Any CPU
		{BDCCFB66-8A02-47AF-91D5-31BFED7E50DF}.Debug|Any CPU.ActiveCfg = Debug|Any CPU
		{BDCCFB66-8A02-47AF-91D5-31BFED7E50DF}.Debug|Any CPU.Build.0 = Debug|Any CPU
		{BDCCFB66-8A02-47AF-91D5-31BFED7E50DF}.Debug|Mixed Platforms.ActiveCfg = Debug|Any CPU
		{BDCCFB66-8A02-47AF-91D5-31BFED7E50DF}.Debug|Mixed Platforms.Build.0 = Debug|Any CPU
		{BDCCFB66-8A02-47AF-91D5-31BFED7E50DF}.Debug|Win32.ActiveCfg = Debug|Any CPU
		{BDCCFB66-8A02-47AF-91D5-31BFED7E50DF}.Debug|x86.ActiveCfg = Debug|Any CPU
		{BDCCFB66-8A02-47AF-91D5-31BFED7E50DF}.Release|Any CPU.ActiveCfg = Release|Any CPU
		{BDCCFB66-8A02-47AF-91D5-31BFED7E50DF}.Release|Any CPU.Build.0 = Release|Any CPU
		{BDCCFB66-8A02-47AF-91D5-31BFED7E50DF}.Release|Mixed Platforms.ActiveCfg = Release|Any CPU
		{BDCCFB66-8A02-47AF-91D5-31BFED7E50DF}.Release|Mixed Platforms.Build.0 = Release|Any CPU
		{BDCCFB66-8A02-47AF-91D5-31BFED7E50DF}.Release|Win32.ActiveCfg = Release|Any CPU
		{BDCCFB66-8A02-47AF-91D5-31BFED7E50DF}.Release|x86.ActiveCfg = Release|Any CPU
		{BDCCFB66-8A02-47AF-91D5-31BFED7E50DF}.UnitTest|Any CPU.ActiveCfg = Release|Any CPU
		{BDCCFB66-8A02-47AF-91D5-31BFED7E50DF}.UnitTest|Any CPU.Build.0 = Release|Any CPU
		{BDCCFB66-8A02-47AF-91D5-31BFED7E50DF}.UnitTest|Mixed Platforms.ActiveCfg = Release|Any CPU
		{BDCCFB66-8A02-47AF-91D5-31BFED7E50DF}.UnitTest|Mixed Platforms.Build.0 = Release|Any CPU
		{BDCCFB66-8A02-47AF-91D5-31BFED7E50DF}.UnitTest|Win32.ActiveCfg = Release|Any CPU
		{BDCCFB66-8A02-47AF-91D5-31BFED7E50DF}.UnitTest|x86.ActiveCfg = Release|Any CPU
		{06488467-42F4-4D3B-B35C-0C7EBE1FC947}.Debug|Any CPU.ActiveCfg = Debug|Any CPU
		{06488467-42F4-4D3B-B35C-0C7EBE1FC947}.Debug|Any CPU.Build.0 = Debug|Any CPU
		{06488467-42F4-4D3B-B35C-0C7EBE1FC947}.Debug|Mixed Platforms.ActiveCfg = Debug|Any CPU
		{06488467-42F4-4D3B-B35C-0C7EBE1FC947}.Debug|Mixed Platforms.Build.0 = Debug|Any CPU
		{06488467-42F4-4D3B-B35C-0C7EBE1FC947}.Debug|Win32.ActiveCfg = Debug|Any CPU
		{06488467-42F4-4D3B-B35C-0C7EBE1FC947}.Debug|x86.ActiveCfg = Debug|Any CPU
		{06488467-42F4-4D3B-B35C-0C7EBE1FC947}.Release|Any CPU.ActiveCfg = Release|Any CPU
		{06488467-42F4-4D3B-B35C-0C7EBE1FC947}.Release|Any CPU.Build.0 = Release|Any CPU
		{06488467-42F4-4D3B-B35C-0C7EBE1FC947}.Release|Mixed Platforms.ActiveCfg = Release|Any CPU
		{06488467-42F4-4D3B-B35C-0C7EBE1FC947}.Release|Mixed Platforms.Build.0 = Release|Any CPU
		{06488467-42F4-4D3B-B35C-0C7EBE1FC947}.Release|Win32.ActiveCfg = Release|Any CPU
		{06488467-42F4-4D3B-B35C-0C7EBE1FC947}.Release|x86.ActiveCfg = Release|Any CPU
		{06488467-42F4-4D3B-B35C-0C7EBE1FC947}.UnitTest|Any CPU.ActiveCfg = Release|Any CPU
		{06488467-42F4-4D3B-B35C-0C7EBE1FC947}.UnitTest|Any CPU.Build.0 = Release|Any CPU
		{06488467-42F4-4D3B-B35C-0C7EBE1FC947}.UnitTest|Mixed Platforms.ActiveCfg = Release|Any CPU
		{06488467-42F4-4D3B-B35C-0C7EBE1FC947}.UnitTest|Mixed Platforms.Build.0 = Release|Any CPU
		{06488467-42F4-4D3B-B35C-0C7EBE1FC947}.UnitTest|Win32.ActiveCfg = Release|Any CPU
		{06488467-42F4-4D3B-B35C-0C7EBE1FC947}.UnitTest|x86.ActiveCfg = Release|Any CPU
		{51FD756A-9C6F-4FEA-9FB4-C50C3CBF47AB}.Debug|Any CPU.ActiveCfg = Debug|Any CPU
		{51FD756A-9C6F-4FEA-9FB4-C50C3CBF47AB}.Debug|Any CPU.Build.0 = Debug|Any CPU
		{51FD756A-9C6F-4FEA-9FB4-C50C3CBF47AB}.Debug|Mixed Platforms.ActiveCfg = Debug|Any CPU
		{51FD756A-9C6F-4FEA-9FB4-C50C3CBF47AB}.Debug|Mixed Platforms.Build.0 = Debug|Any CPU
		{51FD756A-9C6F-4FEA-9FB4-C50C3CBF47AB}.Debug|Win32.ActiveCfg = Debug|Any CPU
		{51FD756A-9C6F-4FEA-9FB4-C50C3CBF47AB}.Debug|x86.ActiveCfg = Debug|Any CPU
		{51FD756A-9C6F-4FEA-9FB4-C50C3CBF47AB}.Release|Any CPU.ActiveCfg = Release|Any CPU
		{51FD756A-9C6F-4FEA-9FB4-C50C3CBF47AB}.Release|Any CPU.Build.0 = Release|Any CPU
		{51FD756A-9C6F-4FEA-9FB4-C50C3CBF47AB}.Release|Mixed Platforms.ActiveCfg = Release|Any CPU
		{51FD756A-9C6F-4FEA-9FB4-C50C3CBF47AB}.Release|Mixed Platforms.Build.0 = Release|Any CPU
		{51FD756A-9C6F-4FEA-9FB4-C50C3CBF47AB}.Release|Win32.ActiveCfg = Release|Any CPU
		{51FD756A-9C6F-4FEA-9FB4-C50C3CBF47AB}.Release|x86.ActiveCfg = Release|Any CPU
		{51FD756A-9C6F-4FEA-9FB4-C50C3CBF47AB}.UnitTest|Any CPU.ActiveCfg = Release|Any CPU
		{51FD756A-9C6F-4FEA-9FB4-C50C3CBF47AB}.UnitTest|Any CPU.Build.0 = Release|Any CPU
		{51FD756A-9C6F-4FEA-9FB4-C50C3CBF47AB}.UnitTest|Mixed Platforms.ActiveCfg = Release|Any CPU
		{51FD756A-9C6F-4FEA-9FB4-C50C3CBF47AB}.UnitTest|Mixed Platforms.Build.0 = Release|Any CPU
		{51FD756A-9C6F-4FEA-9FB4-C50C3CBF47AB}.UnitTest|Win32.ActiveCfg = Release|Any CPU
		{51FD756A-9C6F-4FEA-9FB4-C50C3CBF47AB}.UnitTest|x86.ActiveCfg = Release|Any CPU
		{261528DA-6F05-4E7E-AE10-C91B2A0CAF99}.Debug|Any CPU.ActiveCfg = Debug|Any CPU
		{261528DA-6F05-4E7E-AE10-C91B2A0CAF99}.Debug|Any CPU.Build.0 = Debug|Any CPU
		{261528DA-6F05-4E7E-AE10-C91B2A0CAF99}.Debug|Mixed Platforms.ActiveCfg = Debug|Any CPU
		{261528DA-6F05-4E7E-AE10-C91B2A0CAF99}.Debug|Mixed Platforms.Build.0 = Debug|Any CPU
		{261528DA-6F05-4E7E-AE10-C91B2A0CAF99}.Debug|Win32.ActiveCfg = Debug|Any CPU
		{261528DA-6F05-4E7E-AE10-C91B2A0CAF99}.Debug|x86.ActiveCfg = Debug|Any CPU
		{261528DA-6F05-4E7E-AE10-C91B2A0CAF99}.Release|Any CPU.ActiveCfg = Release|Any CPU
		{261528DA-6F05-4E7E-AE10-C91B2A0CAF99}.Release|Any CPU.Build.0 = Release|Any CPU
		{261528DA-6F05-4E7E-AE10-C91B2A0CAF99}.Release|Mixed Platforms.ActiveCfg = Release|Any CPU
		{261528DA-6F05-4E7E-AE10-C91B2A0CAF99}.Release|Mixed Platforms.Build.0 = Release|Any CPU
		{261528DA-6F05-4E7E-AE10-C91B2A0CAF99}.Release|Win32.ActiveCfg = Release|Any CPU
		{261528DA-6F05-4E7E-AE10-C91B2A0CAF99}.Release|x86.ActiveCfg = Release|Any CPU
		{261528DA-6F05-4E7E-AE10-C91B2A0CAF99}.UnitTest|Any CPU.ActiveCfg = Release|Any CPU
		{261528DA-6F05-4E7E-AE10-C91B2A0CAF99}.UnitTest|Any CPU.Build.0 = Release|Any CPU
		{261528DA-6F05-4E7E-AE10-C91B2A0CAF99}.UnitTest|Mixed Platforms.ActiveCfg = Release|Any CPU
		{261528DA-6F05-4E7E-AE10-C91B2A0CAF99}.UnitTest|Mixed Platforms.Build.0 = Release|Any CPU
		{261528DA-6F05-4E7E-AE10-C91B2A0CAF99}.UnitTest|Win32.ActiveCfg = Release|Any CPU
		{261528DA-6F05-4E7E-AE10-C91B2A0CAF99}.UnitTest|x86.ActiveCfg = Release|Any CPU
		{48FF9E70-FF85-4079-808F-04C4051D234D}.Debug|Any CPU.ActiveCfg = Debug|Any CPU
		{48FF9E70-FF85-4079-808F-04C4051D234D}.Debug|Any CPU.Build.0 = Debug|Any CPU
		{48FF9E70-FF85-4079-808F-04C4051D234D}.Debug|Mixed Platforms.ActiveCfg = Debug|Any CPU
		{48FF9E70-FF85-4079-808F-04C4051D234D}.Debug|Mixed Platforms.Build.0 = Debug|Any CPU
		{48FF9E70-FF85-4079-808F-04C4051D234D}.Debug|Win32.ActiveCfg = Debug|Any CPU
		{48FF9E70-FF85-4079-808F-04C4051D234D}.Debug|x86.ActiveCfg = Debug|x86
		{48FF9E70-FF85-4079-808F-04C4051D234D}.Debug|x86.Build.0 = Debug|x86
		{48FF9E70-FF85-4079-808F-04C4051D234D}.Release|Any CPU.ActiveCfg = Release|Any CPU
		{48FF9E70-FF85-4079-808F-04C4051D234D}.Release|Any CPU.Build.0 = Release|Any CPU
		{48FF9E70-FF85-4079-808F-04C4051D234D}.Release|Mixed Platforms.ActiveCfg = Release|Any CPU
		{48FF9E70-FF85-4079-808F-04C4051D234D}.Release|Mixed Platforms.Build.0 = Release|Any CPU
		{48FF9E70-FF85-4079-808F-04C4051D234D}.Release|Win32.ActiveCfg = Release|Any CPU
		{48FF9E70-FF85-4079-808F-04C4051D234D}.Release|x86.ActiveCfg = Release|x86
		{48FF9E70-FF85-4079-808F-04C4051D234D}.Release|x86.Build.0 = Release|x86
		{48FF9E70-FF85-4079-808F-04C4051D234D}.UnitTest|Any CPU.ActiveCfg = Release|Any CPU
		{48FF9E70-FF85-4079-808F-04C4051D234D}.UnitTest|Any CPU.Build.0 = Release|Any CPU
		{48FF9E70-FF85-4079-808F-04C4051D234D}.UnitTest|Mixed Platforms.ActiveCfg = Release|Any CPU
		{48FF9E70-FF85-4079-808F-04C4051D234D}.UnitTest|Mixed Platforms.Build.0 = Release|Any CPU
		{48FF9E70-FF85-4079-808F-04C4051D234D}.UnitTest|Win32.ActiveCfg = Release|Any CPU
		{48FF9E70-FF85-4079-808F-04C4051D234D}.UnitTest|x86.ActiveCfg = Release|Any CPU
		{864BF04C-047F-41E9-AD31-AE90272BA922}.Debug|Any CPU.ActiveCfg = Debug|Any CPU
		{864BF04C-047F-41E9-AD31-AE90272BA922}.Debug|Any CPU.Build.0 = Debug|Any CPU
		{864BF04C-047F-41E9-AD31-AE90272BA922}.Debug|Mixed Platforms.ActiveCfg = Debug|Any CPU
		{864BF04C-047F-41E9-AD31-AE90272BA922}.Debug|Mixed Platforms.Build.0 = Debug|Any CPU
		{864BF04C-047F-41E9-AD31-AE90272BA922}.Debug|Win32.ActiveCfg = Debug|Any CPU
		{864BF04C-047F-41E9-AD31-AE90272BA922}.Debug|x86.ActiveCfg = Debug|Any CPU
		{864BF04C-047F-41E9-AD31-AE90272BA922}.Release|Any CPU.ActiveCfg = Release|Any CPU
		{864BF04C-047F-41E9-AD31-AE90272BA922}.Release|Any CPU.Build.0 = Release|Any CPU
		{864BF04C-047F-41E9-AD31-AE90272BA922}.Release|Mixed Platforms.ActiveCfg = Release|Any CPU
		{864BF04C-047F-41E9-AD31-AE90272BA922}.Release|Mixed Platforms.Build.0 = Release|Any CPU
		{864BF04C-047F-41E9-AD31-AE90272BA922}.Release|Win32.ActiveCfg = Release|Any CPU
		{864BF04C-047F-41E9-AD31-AE90272BA922}.Release|x86.ActiveCfg = Release|Any CPU
		{864BF04C-047F-41E9-AD31-AE90272BA922}.UnitTest|Any CPU.ActiveCfg = Release|Any CPU
		{864BF04C-047F-41E9-AD31-AE90272BA922}.UnitTest|Any CPU.Build.0 = Release|Any CPU
		{864BF04C-047F-41E9-AD31-AE90272BA922}.UnitTest|Mixed Platforms.ActiveCfg = Release|Any CPU
		{864BF04C-047F-41E9-AD31-AE90272BA922}.UnitTest|Mixed Platforms.Build.0 = Release|Any CPU
		{864BF04C-047F-41E9-AD31-AE90272BA922}.UnitTest|Win32.ActiveCfg = Release|Any CPU
		{864BF04C-047F-41E9-AD31-AE90272BA922}.UnitTest|x86.ActiveCfg = Release|Any CPU
		{1AE092A2-1E3D-4C3B-AB75-1126F12D2911}.Debug|Any CPU.ActiveCfg = Debug|Any CPU
		{1AE092A2-1E3D-4C3B-AB75-1126F12D2911}.Debug|Any CPU.Build.0 = Debug|Any CPU
		{1AE092A2-1E3D-4C3B-AB75-1126F12D2911}.Debug|Mixed Platforms.ActiveCfg = Debug|Any CPU
		{1AE092A2-1E3D-4C3B-AB75-1126F12D2911}.Debug|Mixed Platforms.Build.0 = Debug|Any CPU
		{1AE092A2-1E3D-4C3B-AB75-1126F12D2911}.Debug|Win32.ActiveCfg = Debug|Any CPU
		{1AE092A2-1E3D-4C3B-AB75-1126F12D2911}.Debug|x86.ActiveCfg = Debug|Any CPU
		{1AE092A2-1E3D-4C3B-AB75-1126F12D2911}.Release|Any CPU.ActiveCfg = Release|Any CPU
		{1AE092A2-1E3D-4C3B-AB75-1126F12D2911}.Release|Any CPU.Build.0 = Release|Any CPU
		{1AE092A2-1E3D-4C3B-AB75-1126F12D2911}.Release|Mixed Platforms.ActiveCfg = Release|Any CPU
		{1AE092A2-1E3D-4C3B-AB75-1126F12D2911}.Release|Mixed Platforms.Build.0 = Release|Any CPU
		{1AE092A2-1E3D-4C3B-AB75-1126F12D2911}.Release|Win32.ActiveCfg = Release|Any CPU
		{1AE092A2-1E3D-4C3B-AB75-1126F12D2911}.Release|x86.ActiveCfg = Release|Any CPU
		{1AE092A2-1E3D-4C3B-AB75-1126F12D2911}.UnitTest|Any CPU.ActiveCfg = Release|Any CPU
		{1AE092A2-1E3D-4C3B-AB75-1126F12D2911}.UnitTest|Any CPU.Build.0 = Release|Any CPU
		{1AE092A2-1E3D-4C3B-AB75-1126F12D2911}.UnitTest|Mixed Platforms.ActiveCfg = Release|Any CPU
		{1AE092A2-1E3D-4C3B-AB75-1126F12D2911}.UnitTest|Mixed Platforms.Build.0 = Release|Any CPU
		{1AE092A2-1E3D-4C3B-AB75-1126F12D2911}.UnitTest|Win32.ActiveCfg = Release|Any CPU
		{1AE092A2-1E3D-4C3B-AB75-1126F12D2911}.UnitTest|x86.ActiveCfg = Release|Any CPU
		{578A4C73-E4EF-45A4-B7D9-0E24047F56C1}.Debug|Any CPU.ActiveCfg = Debug|Any CPU
		{578A4C73-E4EF-45A4-B7D9-0E24047F56C1}.Debug|Any CPU.Build.0 = Debug|Any CPU
		{578A4C73-E4EF-45A4-B7D9-0E24047F56C1}.Debug|Mixed Platforms.ActiveCfg = Debug|Any CPU
		{578A4C73-E4EF-45A4-B7D9-0E24047F56C1}.Debug|Mixed Platforms.Build.0 = Debug|Any CPU
		{578A4C73-E4EF-45A4-B7D9-0E24047F56C1}.Debug|Win32.ActiveCfg = Debug|Any CPU
		{578A4C73-E4EF-45A4-B7D9-0E24047F56C1}.Debug|x86.ActiveCfg = Debug|Any CPU
		{578A4C73-E4EF-45A4-B7D9-0E24047F56C1}.Release|Any CPU.ActiveCfg = Release|Any CPU
		{578A4C73-E4EF-45A4-B7D9-0E24047F56C1}.Release|Any CPU.Build.0 = Release|Any CPU
		{578A4C73-E4EF-45A4-B7D9-0E24047F56C1}.Release|Mixed Platforms.ActiveCfg = Release|Any CPU
		{578A4C73-E4EF-45A4-B7D9-0E24047F56C1}.Release|Mixed Platforms.Build.0 = Release|Any CPU
		{578A4C73-E4EF-45A4-B7D9-0E24047F56C1}.Release|Win32.ActiveCfg = Release|Any CPU
		{578A4C73-E4EF-45A4-B7D9-0E24047F56C1}.Release|x86.ActiveCfg = Release|Any CPU
		{578A4C73-E4EF-45A4-B7D9-0E24047F56C1}.UnitTest|Any CPU.ActiveCfg = Release|Any CPU
		{578A4C73-E4EF-45A4-B7D9-0E24047F56C1}.UnitTest|Any CPU.Build.0 = Release|Any CPU
		{578A4C73-E4EF-45A4-B7D9-0E24047F56C1}.UnitTest|Mixed Platforms.ActiveCfg = Release|Any CPU
		{578A4C73-E4EF-45A4-B7D9-0E24047F56C1}.UnitTest|Mixed Platforms.Build.0 = Release|Any CPU
		{578A4C73-E4EF-45A4-B7D9-0E24047F56C1}.UnitTest|Win32.ActiveCfg = Release|Any CPU
		{578A4C73-E4EF-45A4-B7D9-0E24047F56C1}.UnitTest|x86.ActiveCfg = Release|Any CPU
		{94EEE69A-ED26-420E-B034-80007989DA85}.Debug|Any CPU.ActiveCfg = Debug|Any CPU
		{94EEE69A-ED26-420E-B034-80007989DA85}.Debug|Any CPU.Build.0 = Debug|Any CPU
		{94EEE69A-ED26-420E-B034-80007989DA85}.Debug|Mixed Platforms.ActiveCfg = Debug|Any CPU
		{94EEE69A-ED26-420E-B034-80007989DA85}.Debug|Mixed Platforms.Build.0 = Debug|Any CPU
		{94EEE69A-ED26-420E-B034-80007989DA85}.Debug|Win32.ActiveCfg = Debug|Any CPU
		{94EEE69A-ED26-420E-B034-80007989DA85}.Debug|x86.ActiveCfg = Debug|Any CPU
		{94EEE69A-ED26-420E-B034-80007989DA85}.Release|Any CPU.ActiveCfg = Release|Any CPU
		{94EEE69A-ED26-420E-B034-80007989DA85}.Release|Any CPU.Build.0 = Release|Any CPU
		{94EEE69A-ED26-420E-B034-80007989DA85}.Release|Mixed Platforms.ActiveCfg = Release|Any CPU
		{94EEE69A-ED26-420E-B034-80007989DA85}.Release|Mixed Platforms.Build.0 = Release|Any CPU
		{94EEE69A-ED26-420E-B034-80007989DA85}.Release|Win32.ActiveCfg = Release|Any CPU
		{94EEE69A-ED26-420E-B034-80007989DA85}.Release|x86.ActiveCfg = Release|Any CPU
		{94EEE69A-ED26-420E-B034-80007989DA85}.UnitTest|Any CPU.ActiveCfg = Release|Any CPU
		{94EEE69A-ED26-420E-B034-80007989DA85}.UnitTest|Any CPU.Build.0 = Release|Any CPU
		{94EEE69A-ED26-420E-B034-80007989DA85}.UnitTest|Mixed Platforms.ActiveCfg = Release|Any CPU
		{94EEE69A-ED26-420E-B034-80007989DA85}.UnitTest|Mixed Platforms.Build.0 = Release|Any CPU
		{94EEE69A-ED26-420E-B034-80007989DA85}.UnitTest|Win32.ActiveCfg = Release|Any CPU
		{94EEE69A-ED26-420E-B034-80007989DA85}.UnitTest|x86.ActiveCfg = Release|Any CPU
		{7F997959-0BFC-48BC-8451-4038A60C2451}.Debug|Any CPU.ActiveCfg = Debug|Any CPU
		{7F997959-0BFC-48BC-8451-4038A60C2451}.Debug|Any CPU.Build.0 = Debug|Any CPU
		{7F997959-0BFC-48BC-8451-4038A60C2451}.Debug|Mixed Platforms.ActiveCfg = Debug|Any CPU
		{7F997959-0BFC-48BC-8451-4038A60C2451}.Debug|Mixed Platforms.Build.0 = Debug|Any CPU
		{7F997959-0BFC-48BC-8451-4038A60C2451}.Debug|Win32.ActiveCfg = Debug|Any CPU
		{7F997959-0BFC-48BC-8451-4038A60C2451}.Debug|Win32.Build.0 = Debug|Any CPU
		{7F997959-0BFC-48BC-8451-4038A60C2451}.Debug|x86.ActiveCfg = Debug|Any CPU
		{7F997959-0BFC-48BC-8451-4038A60C2451}.Debug|x86.Build.0 = Debug|Any CPU
		{7F997959-0BFC-48BC-8451-4038A60C2451}.Release|Any CPU.ActiveCfg = Release|Any CPU
		{7F997959-0BFC-48BC-8451-4038A60C2451}.Release|Any CPU.Build.0 = Release|Any CPU
		{7F997959-0BFC-48BC-8451-4038A60C2451}.Release|Mixed Platforms.ActiveCfg = Release|Any CPU
		{7F997959-0BFC-48BC-8451-4038A60C2451}.Release|Mixed Platforms.Build.0 = Release|Any CPU
		{7F997959-0BFC-48BC-8451-4038A60C2451}.Release|Win32.ActiveCfg = Release|Any CPU
		{7F997959-0BFC-48BC-8451-4038A60C2451}.Release|Win32.Build.0 = Release|Any CPU
		{7F997959-0BFC-48BC-8451-4038A60C2451}.Release|x86.ActiveCfg = Release|Any CPU
		{7F997959-0BFC-48BC-8451-4038A60C2451}.Release|x86.Build.0 = Release|Any CPU
		{7F997959-0BFC-48BC-8451-4038A60C2451}.UnitTest|Any CPU.ActiveCfg = Release|Any CPU
		{7F997959-0BFC-48BC-8451-4038A60C2451}.UnitTest|Any CPU.Build.0 = Release|Any CPU
		{7F997959-0BFC-48BC-8451-4038A60C2451}.UnitTest|Mixed Platforms.ActiveCfg = Release|Any CPU
		{7F997959-0BFC-48BC-8451-4038A60C2451}.UnitTest|Mixed Platforms.Build.0 = Release|Any CPU
		{7F997959-0BFC-48BC-8451-4038A60C2451}.UnitTest|Win32.ActiveCfg = Release|Any CPU
		{7F997959-0BFC-48BC-8451-4038A60C2451}.UnitTest|Win32.Build.0 = Release|Any CPU
		{7F997959-0BFC-48BC-8451-4038A60C2451}.UnitTest|x86.ActiveCfg = Release|Any CPU
		{7F997959-0BFC-48BC-8451-4038A60C2451}.UnitTest|x86.Build.0 = Release|Any CPU
		{C17C5B35-7656-4E8F-A622-6B80A04A8D9E}.Debug|Any CPU.ActiveCfg = Debug|Any CPU
		{C17C5B35-7656-4E8F-A622-6B80A04A8D9E}.Debug|Any CPU.Build.0 = Debug|Any CPU
		{C17C5B35-7656-4E8F-A622-6B80A04A8D9E}.Debug|Mixed Platforms.ActiveCfg = Debug|Any CPU
		{C17C5B35-7656-4E8F-A622-6B80A04A8D9E}.Debug|Mixed Platforms.Build.0 = Debug|Any CPU
		{C17C5B35-7656-4E8F-A622-6B80A04A8D9E}.Debug|Win32.ActiveCfg = Debug|Any CPU
		{C17C5B35-7656-4E8F-A622-6B80A04A8D9E}.Debug|Win32.Build.0 = Debug|Any CPU
		{C17C5B35-7656-4E8F-A622-6B80A04A8D9E}.Debug|x86.ActiveCfg = Debug|Any CPU
		{C17C5B35-7656-4E8F-A622-6B80A04A8D9E}.Debug|x86.Build.0 = Debug|Any CPU
		{C17C5B35-7656-4E8F-A622-6B80A04A8D9E}.Release|Any CPU.ActiveCfg = Release|Any CPU
		{C17C5B35-7656-4E8F-A622-6B80A04A8D9E}.Release|Any CPU.Build.0 = Release|Any CPU
		{C17C5B35-7656-4E8F-A622-6B80A04A8D9E}.Release|Mixed Platforms.ActiveCfg = Release|Any CPU
		{C17C5B35-7656-4E8F-A622-6B80A04A8D9E}.Release|Mixed Platforms.Build.0 = Release|Any CPU
		{C17C5B35-7656-4E8F-A622-6B80A04A8D9E}.Release|Win32.ActiveCfg = Release|Any CPU
		{C17C5B35-7656-4E8F-A622-6B80A04A8D9E}.Release|Win32.Build.0 = Release|Any CPU
		{C17C5B35-7656-4E8F-A622-6B80A04A8D9E}.Release|x86.ActiveCfg = Release|Any CPU
		{C17C5B35-7656-4E8F-A622-6B80A04A8D9E}.Release|x86.Build.0 = Release|Any CPU
		{C17C5B35-7656-4E8F-A622-6B80A04A8D9E}.UnitTest|Any CPU.ActiveCfg = Release|Any CPU
		{C17C5B35-7656-4E8F-A622-6B80A04A8D9E}.UnitTest|Any CPU.Build.0 = Release|Any CPU
		{C17C5B35-7656-4E8F-A622-6B80A04A8D9E}.UnitTest|Mixed Platforms.ActiveCfg = Release|Any CPU
		{C17C5B35-7656-4E8F-A622-6B80A04A8D9E}.UnitTest|Mixed Platforms.Build.0 = Release|Any CPU
		{C17C5B35-7656-4E8F-A622-6B80A04A8D9E}.UnitTest|Win32.ActiveCfg = Release|Any CPU
		{C17C5B35-7656-4E8F-A622-6B80A04A8D9E}.UnitTest|Win32.Build.0 = Release|Any CPU
		{C17C5B35-7656-4E8F-A622-6B80A04A8D9E}.UnitTest|x86.ActiveCfg = Release|Any CPU
		{C17C5B35-7656-4E8F-A622-6B80A04A8D9E}.UnitTest|x86.Build.0 = Release|Any CPU
		{258828B0-B621-4462-8CBC-04349BFDAACC}.Debug|Any CPU.ActiveCfg = Debug
		{258828B0-B621-4462-8CBC-04349BFDAACC}.Debug|Mixed Platforms.ActiveCfg = Debug
		{258828B0-B621-4462-8CBC-04349BFDAACC}.Debug|Win32.ActiveCfg = Debug
		{258828B0-B621-4462-8CBC-04349BFDAACC}.Debug|x86.ActiveCfg = Debug
		{258828B0-B621-4462-8CBC-04349BFDAACC}.Release|Any CPU.ActiveCfg = Release
		{258828B0-B621-4462-8CBC-04349BFDAACC}.Release|Mixed Platforms.ActiveCfg = Release
		{258828B0-B621-4462-8CBC-04349BFDAACC}.Release|Win32.ActiveCfg = Release
		{258828B0-B621-4462-8CBC-04349BFDAACC}.Release|x86.ActiveCfg = Release
		{258828B0-B621-4462-8CBC-04349BFDAACC}.UnitTest|Any CPU.ActiveCfg = Release
		{258828B0-B621-4462-8CBC-04349BFDAACC}.UnitTest|Mixed Platforms.ActiveCfg = Release
		{258828B0-B621-4462-8CBC-04349BFDAACC}.UnitTest|Win32.ActiveCfg = Release
		{258828B0-B621-4462-8CBC-04349BFDAACC}.UnitTest|x86.ActiveCfg = Release
		{727DF453-56C3-4D34-9424-5993AAE4B9E1}.Debug|Any CPU.ActiveCfg = Debug|Any CPU
		{727DF453-56C3-4D34-9424-5993AAE4B9E1}.Debug|Any CPU.Build.0 = Debug|Any CPU
		{727DF453-56C3-4D34-9424-5993AAE4B9E1}.Debug|Mixed Platforms.ActiveCfg = Debug|Any CPU
		{727DF453-56C3-4D34-9424-5993AAE4B9E1}.Debug|Mixed Platforms.Build.0 = Debug|Any CPU
		{727DF453-56C3-4D34-9424-5993AAE4B9E1}.Debug|Win32.ActiveCfg = Debug|Any CPU
		{727DF453-56C3-4D34-9424-5993AAE4B9E1}.Debug|Win32.Build.0 = Debug|Any CPU
		{727DF453-56C3-4D34-9424-5993AAE4B9E1}.Debug|x86.ActiveCfg = Debug|Any CPU
		{727DF453-56C3-4D34-9424-5993AAE4B9E1}.Debug|x86.Build.0 = Debug|Any CPU
		{727DF453-56C3-4D34-9424-5993AAE4B9E1}.Release|Any CPU.ActiveCfg = Release|Any CPU
		{727DF453-56C3-4D34-9424-5993AAE4B9E1}.Release|Any CPU.Build.0 = Release|Any CPU
		{727DF453-56C3-4D34-9424-5993AAE4B9E1}.Release|Mixed Platforms.ActiveCfg = Release|Any CPU
		{727DF453-56C3-4D34-9424-5993AAE4B9E1}.Release|Mixed Platforms.Build.0 = Release|Any CPU
		{727DF453-56C3-4D34-9424-5993AAE4B9E1}.Release|Win32.ActiveCfg = Release|Any CPU
		{727DF453-56C3-4D34-9424-5993AAE4B9E1}.Release|Win32.Build.0 = Release|Any CPU
		{727DF453-56C3-4D34-9424-5993AAE4B9E1}.Release|x86.ActiveCfg = Release|Any CPU
		{727DF453-56C3-4D34-9424-5993AAE4B9E1}.Release|x86.Build.0 = Release|Any CPU
		{727DF453-56C3-4D34-9424-5993AAE4B9E1}.UnitTest|Any CPU.ActiveCfg = Release|Any CPU
		{727DF453-56C3-4D34-9424-5993AAE4B9E1}.UnitTest|Any CPU.Build.0 = Release|Any CPU
		{727DF453-56C3-4D34-9424-5993AAE4B9E1}.UnitTest|Mixed Platforms.ActiveCfg = Release|Any CPU
		{727DF453-56C3-4D34-9424-5993AAE4B9E1}.UnitTest|Mixed Platforms.Build.0 = Release|Any CPU
		{727DF453-56C3-4D34-9424-5993AAE4B9E1}.UnitTest|Win32.ActiveCfg = Release|Any CPU
		{727DF453-56C3-4D34-9424-5993AAE4B9E1}.UnitTest|Win32.Build.0 = Release|Any CPU
		{727DF453-56C3-4D34-9424-5993AAE4B9E1}.UnitTest|x86.ActiveCfg = Release|Any CPU
		{727DF453-56C3-4D34-9424-5993AAE4B9E1}.UnitTest|x86.Build.0 = Release|Any CPU
		{2AC94E22-B441-4198-8162-BF1552E67D33}.Debug|Any CPU.ActiveCfg = Debug|Any CPU
		{2AC94E22-B441-4198-8162-BF1552E67D33}.Debug|Any CPU.Build.0 = Debug|Any CPU
		{2AC94E22-B441-4198-8162-BF1552E67D33}.Debug|Mixed Platforms.ActiveCfg = Debug|Any CPU
		{2AC94E22-B441-4198-8162-BF1552E67D33}.Debug|Mixed Platforms.Build.0 = Debug|Any CPU
		{2AC94E22-B441-4198-8162-BF1552E67D33}.Debug|Win32.ActiveCfg = Debug|Any CPU
		{2AC94E22-B441-4198-8162-BF1552E67D33}.Debug|Win32.Build.0 = Debug|Any CPU
		{2AC94E22-B441-4198-8162-BF1552E67D33}.Debug|x86.ActiveCfg = Debug|Any CPU
		{2AC94E22-B441-4198-8162-BF1552E67D33}.Debug|x86.Build.0 = Debug|Any CPU
		{2AC94E22-B441-4198-8162-BF1552E67D33}.Release|Any CPU.ActiveCfg = Release|Any CPU
		{2AC94E22-B441-4198-8162-BF1552E67D33}.Release|Any CPU.Build.0 = Release|Any CPU
		{2AC94E22-B441-4198-8162-BF1552E67D33}.Release|Mixed Platforms.ActiveCfg = Release|Any CPU
		{2AC94E22-B441-4198-8162-BF1552E67D33}.Release|Mixed Platforms.Build.0 = Release|Any CPU
		{2AC94E22-B441-4198-8162-BF1552E67D33}.Release|Win32.ActiveCfg = Release|Any CPU
		{2AC94E22-B441-4198-8162-BF1552E67D33}.Release|Win32.Build.0 = Release|Any CPU
		{2AC94E22-B441-4198-8162-BF1552E67D33}.Release|x86.ActiveCfg = Release|Any CPU
		{2AC94E22-B441-4198-8162-BF1552E67D33}.Release|x86.Build.0 = Release|Any CPU
		{2AC94E22-B441-4198-8162-BF1552E67D33}.UnitTest|Any CPU.ActiveCfg = Release|Any CPU
		{2AC94E22-B441-4198-8162-BF1552E67D33}.UnitTest|Any CPU.Build.0 = Release|Any CPU
		{2AC94E22-B441-4198-8162-BF1552E67D33}.UnitTest|Mixed Platforms.ActiveCfg = Release|Any CPU
		{2AC94E22-B441-4198-8162-BF1552E67D33}.UnitTest|Mixed Platforms.Build.0 = Release|Any CPU
		{2AC94E22-B441-4198-8162-BF1552E67D33}.UnitTest|Win32.ActiveCfg = Release|Any CPU
		{2AC94E22-B441-4198-8162-BF1552E67D33}.UnitTest|Win32.Build.0 = Release|Any CPU
		{2AC94E22-B441-4198-8162-BF1552E67D33}.UnitTest|x86.ActiveCfg = Release|Any CPU
		{2AC94E22-B441-4198-8162-BF1552E67D33}.UnitTest|x86.Build.0 = Release|Any CPU
		{9B5FF643-9F8E-4143-8687-8837A2F02626}.Debug|Any CPU.ActiveCfg = Debug|Any CPU
		{9B5FF643-9F8E-4143-8687-8837A2F02626}.Debug|Any CPU.Build.0 = Debug|Any CPU
		{9B5FF643-9F8E-4143-8687-8837A2F02626}.Debug|Mixed Platforms.ActiveCfg = Debug|Any CPU
		{9B5FF643-9F8E-4143-8687-8837A2F02626}.Debug|Mixed Platforms.Build.0 = Debug|Any CPU
		{9B5FF643-9F8E-4143-8687-8837A2F02626}.Debug|Win32.ActiveCfg = Debug|Any CPU
		{9B5FF643-9F8E-4143-8687-8837A2F02626}.Debug|Win32.Build.0 = Debug|Any CPU
		{9B5FF643-9F8E-4143-8687-8837A2F02626}.Debug|x86.ActiveCfg = Debug|Any CPU
		{9B5FF643-9F8E-4143-8687-8837A2F02626}.Debug|x86.Build.0 = Debug|Any CPU
		{9B5FF643-9F8E-4143-8687-8837A2F02626}.Release|Any CPU.ActiveCfg = Release|Any CPU
		{9B5FF643-9F8E-4143-8687-8837A2F02626}.Release|Any CPU.Build.0 = Release|Any CPU
		{9B5FF643-9F8E-4143-8687-8837A2F02626}.Release|Mixed Platforms.ActiveCfg = Release|Any CPU
		{9B5FF643-9F8E-4143-8687-8837A2F02626}.Release|Mixed Platforms.Build.0 = Release|Any CPU
		{9B5FF643-9F8E-4143-8687-8837A2F02626}.Release|Win32.ActiveCfg = Release|Any CPU
		{9B5FF643-9F8E-4143-8687-8837A2F02626}.Release|Win32.Build.0 = Release|Any CPU
		{9B5FF643-9F8E-4143-8687-8837A2F02626}.Release|x86.ActiveCfg = Release|Any CPU
		{9B5FF643-9F8E-4143-8687-8837A2F02626}.Release|x86.Build.0 = Release|Any CPU
		{9B5FF643-9F8E-4143-8687-8837A2F02626}.UnitTest|Any CPU.ActiveCfg = Release|Any CPU
		{9B5FF643-9F8E-4143-8687-8837A2F02626}.UnitTest|Any CPU.Build.0 = Release|Any CPU
		{9B5FF643-9F8E-4143-8687-8837A2F02626}.UnitTest|Mixed Platforms.ActiveCfg = Release|Any CPU
		{9B5FF643-9F8E-4143-8687-8837A2F02626}.UnitTest|Mixed Platforms.Build.0 = Release|Any CPU
		{9B5FF643-9F8E-4143-8687-8837A2F02626}.UnitTest|Win32.ActiveCfg = Release|Any CPU
		{9B5FF643-9F8E-4143-8687-8837A2F02626}.UnitTest|Win32.Build.0 = Release|Any CPU
		{9B5FF643-9F8E-4143-8687-8837A2F02626}.UnitTest|x86.ActiveCfg = Release|Any CPU
		{9B5FF643-9F8E-4143-8687-8837A2F02626}.UnitTest|x86.Build.0 = Release|Any CPU
		{60A9D3B8-34A8-4779-817F-9D87CBBCBFC1}.Debug|Any CPU.ActiveCfg = Debug|Any CPU
		{60A9D3B8-34A8-4779-817F-9D87CBBCBFC1}.Debug|Any CPU.Build.0 = Debug|Any CPU
		{60A9D3B8-34A8-4779-817F-9D87CBBCBFC1}.Debug|Mixed Platforms.ActiveCfg = Debug|Any CPU
		{60A9D3B8-34A8-4779-817F-9D87CBBCBFC1}.Debug|Mixed Platforms.Build.0 = Debug|Any CPU
		{60A9D3B8-34A8-4779-817F-9D87CBBCBFC1}.Debug|Win32.ActiveCfg = Debug|Any CPU
		{60A9D3B8-34A8-4779-817F-9D87CBBCBFC1}.Debug|Win32.Build.0 = Debug|Any CPU
		{60A9D3B8-34A8-4779-817F-9D87CBBCBFC1}.Debug|x86.ActiveCfg = Debug|Any CPU
		{60A9D3B8-34A8-4779-817F-9D87CBBCBFC1}.Debug|x86.Build.0 = Debug|Any CPU
		{60A9D3B8-34A8-4779-817F-9D87CBBCBFC1}.Release|Any CPU.ActiveCfg = Release|Any CPU
		{60A9D3B8-34A8-4779-817F-9D87CBBCBFC1}.Release|Any CPU.Build.0 = Release|Any CPU
		{60A9D3B8-34A8-4779-817F-9D87CBBCBFC1}.Release|Mixed Platforms.ActiveCfg = Release|Any CPU
		{60A9D3B8-34A8-4779-817F-9D87CBBCBFC1}.Release|Mixed Platforms.Build.0 = Release|Any CPU
		{60A9D3B8-34A8-4779-817F-9D87CBBCBFC1}.Release|Win32.ActiveCfg = Release|Any CPU
		{60A9D3B8-34A8-4779-817F-9D87CBBCBFC1}.Release|Win32.Build.0 = Release|Any CPU
		{60A9D3B8-34A8-4779-817F-9D87CBBCBFC1}.Release|x86.ActiveCfg = Release|Any CPU
		{60A9D3B8-34A8-4779-817F-9D87CBBCBFC1}.Release|x86.Build.0 = Release|Any CPU
		{60A9D3B8-34A8-4779-817F-9D87CBBCBFC1}.UnitTest|Any CPU.ActiveCfg = Release|Any CPU
		{60A9D3B8-34A8-4779-817F-9D87CBBCBFC1}.UnitTest|Any CPU.Build.0 = Release|Any CPU
		{60A9D3B8-34A8-4779-817F-9D87CBBCBFC1}.UnitTest|Mixed Platforms.ActiveCfg = Release|Any CPU
		{60A9D3B8-34A8-4779-817F-9D87CBBCBFC1}.UnitTest|Mixed Platforms.Build.0 = Release|Any CPU
		{60A9D3B8-34A8-4779-817F-9D87CBBCBFC1}.UnitTest|Win32.ActiveCfg = Release|Any CPU
		{60A9D3B8-34A8-4779-817F-9D87CBBCBFC1}.UnitTest|Win32.Build.0 = Release|Any CPU
		{60A9D3B8-34A8-4779-817F-9D87CBBCBFC1}.UnitTest|x86.ActiveCfg = Release|Any CPU
		{60A9D3B8-34A8-4779-817F-9D87CBBCBFC1}.UnitTest|x86.Build.0 = Release|Any CPU
		{3966B7D1-6968-4022-8C6F-A1E28580EFDE}.Debug|Any CPU.ActiveCfg = Debug|Any CPU
		{3966B7D1-6968-4022-8C6F-A1E28580EFDE}.Debug|Any CPU.Build.0 = Debug|Any CPU
		{3966B7D1-6968-4022-8C6F-A1E28580EFDE}.Debug|Mixed Platforms.ActiveCfg = Debug|Any CPU
		{3966B7D1-6968-4022-8C6F-A1E28580EFDE}.Debug|Mixed Platforms.Build.0 = Debug|Any CPU
		{3966B7D1-6968-4022-8C6F-A1E28580EFDE}.Debug|Win32.ActiveCfg = Debug|Any CPU
		{3966B7D1-6968-4022-8C6F-A1E28580EFDE}.Debug|Win32.Build.0 = Debug|Any CPU
		{3966B7D1-6968-4022-8C6F-A1E28580EFDE}.Debug|x86.ActiveCfg = Debug|Any CPU
		{3966B7D1-6968-4022-8C6F-A1E28580EFDE}.Debug|x86.Build.0 = Debug|Any CPU
		{3966B7D1-6968-4022-8C6F-A1E28580EFDE}.Release|Any CPU.ActiveCfg = Release|Any CPU
		{3966B7D1-6968-4022-8C6F-A1E28580EFDE}.Release|Any CPU.Build.0 = Release|Any CPU
		{3966B7D1-6968-4022-8C6F-A1E28580EFDE}.Release|Mixed Platforms.ActiveCfg = Release|Any CPU
		{3966B7D1-6968-4022-8C6F-A1E28580EFDE}.Release|Mixed Platforms.Build.0 = Release|Any CPU
		{3966B7D1-6968-4022-8C6F-A1E28580EFDE}.Release|Win32.ActiveCfg = Release|Any CPU
		{3966B7D1-6968-4022-8C6F-A1E28580EFDE}.Release|Win32.Build.0 = Release|Any CPU
		{3966B7D1-6968-4022-8C6F-A1E28580EFDE}.Release|x86.ActiveCfg = Release|Any CPU
		{3966B7D1-6968-4022-8C6F-A1E28580EFDE}.Release|x86.Build.0 = Release|Any CPU
		{3966B7D1-6968-4022-8C6F-A1E28580EFDE}.UnitTest|Any CPU.ActiveCfg = Release|Any CPU
		{3966B7D1-6968-4022-8C6F-A1E28580EFDE}.UnitTest|Any CPU.Build.0 = Release|Any CPU
		{3966B7D1-6968-4022-8C6F-A1E28580EFDE}.UnitTest|Mixed Platforms.ActiveCfg = Release|Any CPU
		{3966B7D1-6968-4022-8C6F-A1E28580EFDE}.UnitTest|Mixed Platforms.Build.0 = Release|Any CPU
		{3966B7D1-6968-4022-8C6F-A1E28580EFDE}.UnitTest|Win32.ActiveCfg = Release|Any CPU
		{3966B7D1-6968-4022-8C6F-A1E28580EFDE}.UnitTest|Win32.Build.0 = Release|Any CPU
		{3966B7D1-6968-4022-8C6F-A1E28580EFDE}.UnitTest|x86.ActiveCfg = Release|Any CPU
		{3966B7D1-6968-4022-8C6F-A1E28580EFDE}.UnitTest|x86.Build.0 = Release|Any CPU
	EndGlobalSection
	GlobalSection(SolutionProperties) = preSolution
		HideSolutionNode = FALSE
	EndGlobalSection
	GlobalSection(NestedProjects) = preSolution
		{108628B0-D080-45AB-B019-E36B31E5B2CE} = {597E0F0D-E450-48EB-8D70-B7D2492ABEFF}
		{862865A0-8730-4E2F-A4FE-2033D7C45081} = {C9013A98-B98C-48F9-B393-450A4DFFBF26}
		{F3407CF9-61AA-4104-9B46-12004EA4ED68} = {06FC165B-8629-4143-93FE-C749F10897B5}
		{E9B7C66B-F009-4DCA-9C9F-46D739740120} = {5670EA59-759C-41DB-858E-4863EA635DC1}
		{C094FB37-4C14-425E-8977-69079F4F7AA0} = {C9013A98-B98C-48F9-B393-450A4DFFBF26}
		{5B1B52B3-7BE6-462A-BD0E-1E473D9EEC8E} = {5670EA59-759C-41DB-858E-4863EA635DC1}
		{66B724A3-0F72-4084-96BD-FEADC4BAD41B} = {C9013A98-B98C-48F9-B393-450A4DFFBF26}
		{D280D461-4FBE-4B9A-8012-9FE26CB2EF71} = {597E0F0D-E450-48EB-8D70-B7D2492ABEFF}
		{A96292E1-00DD-434D-A3F9-FC04CBFD75A7} = {597E0F0D-E450-48EB-8D70-B7D2492ABEFF}
		{46FB47C0-F79A-41AF-BAEF-86510B9C1F28} = {5670EA59-759C-41DB-858E-4863EA635DC1}
		{D54031AD-5D51-4204-9509-2381F462E2C1} = {B223EAEC-1C16-4D3B-B0DF-556595D22E48}
		{6B64F406-C94D-49D2-AAC4-074CAFB6AF88} = {B223EAEC-1C16-4D3B-B0DF-556595D22E48}
		{BDCCFB66-8A02-47AF-91D5-31BFED7E50DF} = {597E0F0D-E450-48EB-8D70-B7D2492ABEFF}
		{06488467-42F4-4D3B-B35C-0C7EBE1FC947} = {C9013A98-B98C-48F9-B393-450A4DFFBF26}
		{51FD756A-9C6F-4FEA-9FB4-C50C3CBF47AB} = {5670EA59-759C-41DB-858E-4863EA635DC1}
		{261528DA-6F05-4E7E-AE10-C91B2A0CAF99} = {06FC165B-8629-4143-93FE-C749F10897B5}
		{48FF9E70-FF85-4079-808F-04C4051D234D} = {0B7988AE-F444-4321-8C63-A6C326B34177}
		{864BF04C-047F-41E9-AD31-AE90272BA922} = {C9013A98-B98C-48F9-B393-450A4DFFBF26}
		{1AE092A2-1E3D-4C3B-AB75-1126F12D2911} = {0B7988AE-F444-4321-8C63-A6C326B34177}
		{578A4C73-E4EF-45A4-B7D9-0E24047F56C1} = {5670EA59-759C-41DB-858E-4863EA635DC1}
		{94EEE69A-ED26-420E-B034-80007989DA85} = {5670EA59-759C-41DB-858E-4863EA635DC1}
		{7F997959-0BFC-48BC-8451-4038A60C2451} = {B223EAEC-1C16-4D3B-B0DF-556595D22E48}
		{C17C5B35-7656-4E8F-A622-6B80A04A8D9E} = {0B7988AE-F444-4321-8C63-A6C326B34177}
		{258828B0-B621-4462-8CBC-04349BFDAACC} = {F45641DB-D916-4FDC-9ADA-F25F7E7FE443}
		{727DF453-56C3-4D34-9424-5993AAE4B9E1} = {597E0F0D-E450-48EB-8D70-B7D2492ABEFF}
		{2AC94E22-B441-4198-8162-BF1552E67D33} = {597E0F0D-E450-48EB-8D70-B7D2492ABEFF}
		{9B5FF643-9F8E-4143-8687-8837A2F02626} = {C9013A98-B98C-48F9-B393-450A4DFFBF26}
		{60A9D3B8-34A8-4779-817F-9D87CBBCBFC1} = {A42736DB-A7DF-467D-B66A-368A40594116}
		{3966B7D1-6968-4022-8C6F-A1E28580EFDE} = {A42736DB-A7DF-467D-B66A-368A40594116}
	EndGlobalSection
	GlobalSection(ExtensibilityGlobals) = postSolution
		SolutionGuid = {DE1C46AE-29AA-423F-896A-2E19AC4F20FF}
	EndGlobalSection
	GlobalSection(TestCaseManagementSettings) = postSolution
		CategoryFile = user_awatt4.vsmdi
	EndGlobalSection
EndGlobal
